# AutoJs6 6.8.0 / 5280 release API pair, built together for the P4 settings extension.
# Host source: e1aa3f813 (feat/mcp-p4); no AIDL transaction changes.
format=1
common-plugin-api.file=common-plugin-api.aar
common-plugin-api.sha256=59706b9fdb76a2312d295d9ad48b3bfe96d1da899cf76434e96ef646a673f400
mcp-server-api.file=mcp-server-api.aar
mcp-server-api.sha256=6ee668b2d883be7bc5c2be88b1b7787da0f7e1072410b0d5d2efca1df9a43400
