# AutoJs6 host protocol distribution lock.
# Staged from the AutoJs6 6.8.0 host release distribution
# (host HEAD afca7b14c4ba3971b60a9ce3587e2f10bfd0ab1e, clean source tree).
# The digest is identical to the artifact consumed by AutoJs6-Plugin-Three-Stone-AI and
# AutoJs6-Plugin-Python-Runtime.
# mcp-server-api.aar (roadmap P2.3) is the release AAR of the host module plugin-api/mcp-server-api
# built from host HEAD a37bbd2ae (clean source tree, versionCode 5279, the build that delivers
# the MCP contract; roadmap P1.4).
format=1
common-plugin-api.file=common-plugin-api.aar
common-plugin-api.sha256=c526f4fd0adbf38b36a7bf54f9931385e6cc20050d6ea8fb741c60496af635d5
mcp-server-api.file=mcp-server-api.aar
mcp-server-api.sha256=cbbdf53992dbded760026224c91cf883b03f3c2c9e67581cf1bde42676cc19f1
